
Microsoft Visual Studio Solution File, Format Version 12.00
# Visual Studio Version 16
VisualStudioVersion = 16.0.29306.81
MinimumVisualStudioVersion = 10.0.40219.1
Project("{FAE04EC0-301F-11D3-BF4B-00C04F79EFBC}") = "Assignment1-1", "Assignment1-1\Assignment1-1.csproj", "{E09FC536-7AB0-4789-A751-E338BDAF28E2}"
EndProject
Global
	GlobalSection(SolutionConfigurationPlatforms) = preSolution
		Debug|Any CPU = Debug|Any CPU
		Release|Any CPU = Release|Any CPU
	EndGlobalSection
	GlobalSection(ProjectConfigurationPlatforms) = postSolution
		{E09FC536-7AB0-4789-A751-E338BDAF28E2}.Debug|Any CPU.ActiveCfg = Debug|Any CPU
		{E09FC536-7AB0-4789-A751-E338BDAF28E2}.Debug|Any CPU.Build.0 = Debug|Any CPU
		{E09FC536-7AB0-4789-A751-E338BDAF28E2}.Release|Any CPU.ActiveCfg = Release|Any CPU
		{E09FC536-7AB0-4789-A751-E338BDAF28E2}.Release|Any CPU.Build.0 = Release|Any CPU
	EndGlobalSection
	GlobalSection(SolutionProperties) = preSolution
		HideSolutionNode = FALSE
	EndGlobalSection
	GlobalSection(ExtensibilityGlobals) = postSolution
		SolutionGuid = {97B86812-48FB-4381-A0D2-B7A7026F7247}
	EndGlobalSection
EndGlobal
